// !$*UTF8*$!
{
	archiveVersion = 1;
	classes = {
	};
	objectVersion = 56;
	objects = {

/* Begin PBXBuildFile section */
		B4C898D02AFF122A0044EF7A /* AppDelegate.swift in Sources */ = {isa = PBXBuildFile; fileRef = B4C898CF2AFF122A0044EF7A /* AppDelegate.swift */; };
		B4C898D22AFF122A0044EF7A /* SceneDelegate.swift in Sources */ = {isa = PBXBuildFile; fileRef = B4C898D12AFF122A0044EF7A /* SceneDelegate.swift */; };
		B4C898D42AFF122A0044EF7A /* ViewController.swift in Sources */ = {isa = PBXBuildFile; fileRef = B4C898D32AFF122A0044EF7A /* ViewController.swift */; };
		B4C898D72AFF122A0044EF7A /* Main.storyboard in Resources */ = {isa = PBXBuildFile; fileRef = B4C898D52AFF122A0044EF7A /* Main.storyboard */; };
		B4C898D92AFF122B0044EF7A /* Assets.xcassets in Resources */ = {isa = PBXBuildFile; fileRef = B4C898D82AFF122B0044EF7A /* Assets.xcassets */; };
		B4C898DC2AFF122B0044EF7A /* LaunchScreen.storyboard in Resources */ = {isa = PBXBuildFile; fileRef = B4C898DA2AFF122B0044EF7A /* LaunchScreen.storyboard */; };
		B4C898E52AFF123B0044EF7A /* CombineCocoa in Frameworks */ = {isa = PBXBuildFile; productRef = B4C898E42AFF123B0044EF7A /* CombineCocoa */; };
		B4C898FC2AFF133A0044EF7A /* ViewModel.swift in Sources */ = {isa = PBXBuildFile; fileRef = B4C898FB2AFF133A0044EF7A /* ViewModel.swift */; };
		B4C898FF2AFF19470044EF7A /* RxCocoa in Frameworks */ = {isa = PBXBuildFile; productRef = B4C898FE2AFF19470044EF7A /* RxCocoa */; };
		B4C899012AFF19470044EF7A /* RxCocoa-Dynamic in Frameworks */ = {isa = PBXBuildFile; productRef = B4C899002AFF19470044EF7A /* RxCocoa-Dynamic */; };
		B4C899032AFF19470044EF7A /* RxRelay in Frameworks */ = {isa = PBXBuildFile; productRef = B4C899022AFF19470044EF7A /* RxRelay */; };
		B4C899052AFF19470044EF7A /* RxRelay-Dynamic in Frameworks */ = {isa = PBXBuildFile; productRef = B4C899042AFF19470044EF7A /* RxRelay-Dynamic */; };
		B4C899072AFF19470044EF7A /* RxSwift in Frameworks */ = {isa = PBXBuildFile; productRef = B4C899062AFF19470044EF7A /* RxSwift */; };
		B4C899092AFF19470044EF7A /* RxSwift-Dynamic in Frameworks */ = {isa = PBXBuildFile; productRef = B4C899082AFF19470044EF7A /* RxSwift-Dynamic */; };
/* End PBXBuildFile section */

/* Begin PBXFileReference section */
		B4C898CC2AFF122A0044EF7A /* MVVM-Sample.app */ = {isa = PBXFileReference; explicitFileType = wrapper.application; includeInIndex = 0; path = "MVVM-Sample.app"; sourceTree = BUILT_PRODUCTS_DIR; };
		B4C898CF2AFF122A0044EF7A /* AppDelegate.swift */ = {isa = PBXFileReference; lastKnownFileType = sourcecode.swift; path = AppDelegate.swift; sourceTree = "<group>"; };
		B4C898D12AFF122A0044EF7A /* SceneDelegate.swift */ = {isa = PBXFileReference; lastKnownFileType = sourcecode.swift; path = SceneDelegate.swift; sourceTree = "<group>"; };
		B4C898D32AFF122A0044EF7A /* ViewController.swift */ = {isa = PBXFileReference; lastKnownFileType = sourcecode.swift; path = ViewController.swift; sourceTree = "<group>"; };
		B4C898D62AFF122A0044EF7A /* Base */ = {isa = PBXFileReference; lastKnownFileType = file.storyboard; name = Base; path = Base.lproj/Main.storyboard; sourceTree = "<group>"; };
		B4C898D82AFF122B0044EF7A /* Assets.xcassets */ = {isa = PBXFileReference; lastKnownFileType = folder.assetcatalog; path = Assets.xcassets; sourceTree = "<group>"; };
		B4C898DB2AFF122B0044EF7A /* Base */ = {isa = PBXFileReference; lastKnownFileType = file.storyboard; name = Base; path = Base.lproj/LaunchScreen.storyboard; sourceTree = "<group>"; };
		B4C898DD2AFF122B0044EF7A /* Info.plist */ = {isa = PBXFileReference; lastKnownFileType = text.plist.xml; path = Info.plist; sourceTree = "<group>"; };
		B4C898FB2AFF133A0044EF7A /* ViewModel.swift */ = {isa = PBXFileReference; lastKnownFileType = sourcecode.swift; path = ViewModel.swift; sourceTree = "<group>"; };
/* End PBXFileReference section */

/* Begin PBXFrameworksBuildPhase section */
		B4C898C92AFF122A0044EF7A /* Frameworks */ = {
			isa = PBXFrameworksBuildPhase;
			buildActionMask = 2147483647;
			files = (
				B4C899092AFF19470044EF7A /* RxSwift-Dynamic in Frameworks */,
				B4C899072AFF19470044EF7A /* RxSwift in Frameworks */,
				B4C898FF2AFF19470044EF7A /* RxCocoa in Frameworks */,
				B4C899052AFF19470044EF7A /* RxRelay-Dynamic in Frameworks */,
				B4C899012AFF19470044EF7A /* RxCocoa-Dynamic in Frameworks */,
				B4C899032AFF19470044EF7A /* RxRelay in Frameworks */,
				B4C898E52AFF123B0044EF7A /* CombineCocoa in Frameworks */,
			);
			runOnlyForDeploymentPostprocessing = 0;
		};
/* End PBXFrameworksBuildPhase section */

/* Begin PBXGroup section */
		B4C898C32AFF122A0044EF7A = {
			isa = PBXGroup;
			children = (
				B4C898CE2AFF122A0044EF7A /* MVVM-Sample */,
				B4C898CD2AFF122A0044EF7A /* Products */,
			);
			sourceTree = "<group>";
		};
		B4C898CD2AFF122A0044EF7A /* Products */ = {
			isa = PBXGroup;
			children = (
				B4C898CC2AFF122A0044EF7A /* MVVM-Sample.app */,
			);
			name = Products;
			sourceTree = "<group>";
		};
		B4C898CE2AFF122A0044EF7A /* MVVM-Sample */ = {
			isa = PBXGroup;
			children = (
				B4C898CF2AFF122A0044EF7A /* AppDelegate.swift */,
				B4C898D12AFF122A0044EF7A /* SceneDelegate.swift */,
				B4C898D32AFF122A0044EF7A /* ViewController.swift */,
				B4C898FB2AFF133A0044EF7A /* ViewModel.swift */,
				B4C898D52AFF122A0044EF7A /* Main.storyboard */,
				B4C898D82AFF122B0044EF7A /* Assets.xcassets */,
				B4C898DA2AFF122B0044EF7A /* LaunchScreen.storyboard */,
				B4C898DD2AFF122B0044EF7A /* Info.plist */,
			);
			path = "MVVM-Sample";
			sourceTree = "<group>";
		};
/* End PBXGroup section */

/* Begin PBXNativeTarget section */
		B4C898CB2AFF122A0044EF7A /* MVVM-Sample */ = {
			isa = PBXNativeTarget;
			buildConfigurationList = B4C898E02AFF122B0044EF7A /* Build configuration list for PBXNativeTarget "MVVM-Sample" */;
			buildPhases = (
				B4C898C82AFF122A0044EF7A /* Sources */,
				B4C898C92AFF122A0044EF7A /* Frameworks */,
				B4C898CA2AFF122A0044EF7A /* Resources */,
			);
			buildRules = (
			);
			dependencies = (
			);
			name = "MVVM-Sample";
			packageProductDependencies = (
				B4C898E42AFF123B0044EF7A /* CombineCocoa */,
				B4C898FE2AFF19470044EF7A /* RxCocoa */,
				B4C899002AFF19470044EF7A /* RxCocoa-Dynamic */,
				B4C899022AFF19470044EF7A /* RxRelay */,
				B4C899042AFF19470044EF7A /* RxRelay-Dynamic */,
				B4C899062AFF19470044EF7A /* RxSwift */,
				B4C899082AFF19470044EF7A /* RxSwift-Dynamic */,
			);
			productName = "MVVM-Sample";
			productReference = B4C898CC2AFF122A0044EF7A /* MVVM-Sample.app */;
			productType = "com.apple.product-type.application";
		};
/* End PBXNativeTarget section */

/* Begin PBXProject section */
		B4C898C42AFF122A0044EF7A /* Project object */ = {
			isa = PBXProject;
			attributes = {
				BuildIndependentTargetsInParallel = 1;
				LastSwiftUpdateCheck = 1500;
				LastUpgradeCheck = 1500;
				TargetAttributes = {
					B4C898CB2AFF122A0044EF7A = {
						CreatedOnToolsVersion = 15.0;
					};
				};
			};
			buildConfigurationList = B4C898C72AFF122A0044EF7A /* Build configuration list for PBXProject "MVVM-Sample" */;
			compatibilityVersion = "Xcode 14.0";
			developmentRegion = en;
			hasScannedForEncodings = 0;
			knownRegions = (
				en,
				Base,
			);
			mainGroup = B4C898C32AFF122A0044EF7A;
			packageReferences = (
				B4C898E32AFF123B0044EF7A /* XCRemoteSwiftPackageReference "CombineCocoa" */,
				B4C898FD2AFF19470044EF7A /* XCRemoteSwiftPackageReference "RxSwift" */,
			);
			productRefGroup = B4C898CD2AFF122A0044EF7A /* Products */;
			projectDirPath = "";
			projectRoot = "";
			targets = (
				B4C898CB2AFF122A0044EF7A /* MVVM-Sample */,
			);
		};
/* End PBXProject section */

/* Begin PBXResourcesBuildPhase section */
		B4C898CA2AFF122A0044EF7A /* Resources */ = {
			isa = PBXResourcesBuildPhase;
			buildActionMask = 2147483647;
			files = (
				B4C898DC2AFF122B0044EF7A /* LaunchScreen.storyboard in Resources */,
				B4C898D92AFF122B0044EF7A /* Assets.xcassets in Resources */,
				B4C898D72AFF122A0044EF7A /* Main.storyboard in Resources */,
			);
			runOnlyForDeploymentPostprocessing = 0;
		};
/* End PBXResourcesBuildPhase section */

/* Begin PBXSourcesBuildPhase section */
		B4C898C82AFF122A0044EF7A /* Sources */ = {
			isa = PBXSourcesBuildPhase;
			buildActionMask = 2147483647;
			files = (
				B4C898D42AFF122A0044EF7A /* ViewController.swift in Sources */,
				B4C898D02AFF122A0044EF7A /* AppDelegate.swift in Sources */,
				B4C898FC2AFF133A0044EF7A /* ViewModel.swift in Sources */,
				B4C898D22AFF122A0044EF7A /* SceneDelegate.swift in Sources */,
			);
			runOnlyForDeploymentPostprocessing = 0;
		};
/* End PBXSourcesBuildPhase section */

/* Begin PBXVariantGroup section */
		B4C898D52AFF122A0044EF7A /* Main.storyboard */ = {
			isa = PBXVariantGroup;
			children = (
				B4C898D62AFF122A0044EF7A /* Base */,
			);
			name = Main.storyboard;
			sourceTree = "<group>";
		};
		B4C898DA2AFF122B0044EF7A /* LaunchScreen.storyboard */ = {
			isa = PBXVariantGroup;
			children = (
				B4C898DB2AFF122B0044EF7A /* Base */,
			);
			name = LaunchScreen.storyboard;
			sourceTree = "<group>";
		};
/* End PBXVariantGroup section */

/* Begin XCBuildConfiguration section */
		B4C898DE2AFF122B0044EF7A /* Debug */ = {
			isa = XCBuildConfiguration;
			buildSettings = {
				ALWAYS_SEARCH_USER_PATHS = NO;
				ASSETCATALOG_COMPILER_GENERATE_SWIFT_ASSET_SYMBOL_EXTENSIONS = YES;
				CLANG_ANALYZER_NONNULL = YES;
				CLANG_ANALYZER_NUMBER_OBJECT_CONVERSION = YES_AGGRESSIVE;
				CLANG_CXX_LANGUAGE_STANDARD = "gnu++20";
				CLANG_ENABLE_MODULES = YES;
				CLANG_ENABLE_OBJC_ARC = YES;
				CLANG_ENABLE_OBJC_WEAK = YES;
				CLANG_WARN_BLOCK_CAPTURE_AUTORELEASING = YES;
				CLANG_WARN_BOOL_CONVERSION = YES;
				CLANG_WARN_COMMA = YES;
				CLANG_WARN_CONSTANT_CONVERSION = YES;
				CLANG_WARN_DEPRECATED_OBJC_IMPLEMENTATIONS = YES;
				CLANG_WARN_DIRECT_OBJC_ISA_USAGE = YES_ERROR;
				CLANG_WARN_DOCUMENTATION_COMMENTS = YES;
				CLANG_WARN_EMPTY_BODY = YES;
				CLANG_WARN_ENUM_CONVERSION = YES;
				CLANG_WARN_INFINITE_RECURSION = YES;
				CLANG_WARN_INT_CONVERSION = YES;
				CLANG_WARN_NON_LITERAL_NULL_CONVERSION = YES;
				CLANG_WARN_OBJC_IMPLICIT_RETAIN_SELF = YES;
				CLANG_WARN_OBJC_LITERAL_CONVERSION = YES;
				CLANG_WARN_OBJC_ROOT_CLASS = YES_ERROR;
				CLANG_WARN_QUOTED_INCLUDE_IN_FRAMEWORK_HEADER = YES;
				CLANG_WARN_RANGE_LOOP_ANALYSIS = YES;
				CLANG_WARN_STRICT_PROTOTYPES = YES;
				CLANG_WARN_SUSPICIOUS_MOVE = YES;
				CLANG_WARN_UNGUARDED_AVAILABILITY = YES_AGGRESSIVE;
				CLANG_WARN_UNREACHABLE_CODE = YES;
				CLANG_WARN__DUPLICATE_METHOD_MATCH = YES;
				COPY_PHASE_STRIP = NO;
				DEBUG_INFORMATION_FORMAT = dwarf;
				ENABLE_STRICT_OBJC_MSGSEND = YES;
				ENABLE_TESTABILITY = YES;
				ENABLE_USER_SCRIPT_SANDBOXING = YES;
				GCC_C_LANGUAGE_STANDARD = gnu17;
				GCC_DYNAMIC_NO_PIC = NO;
				GCC_NO_COMMON_BLOCKS = YES;
				GCC_OPTIMIZATION_LEVEL = 0;
				GCC_PREPROCESSOR_DEFINITIONS = (
					"DEBUG=1",
					"$(inherited)",
				);
				GCC_WARN_64_TO_32_BIT_CONVERSION = YES;
				GCC_WARN_ABOUT_RETURN_TYPE = YES_ERROR;
				GCC_WARN_UNDECLARED_SELECTOR = YES;
				GCC_WARN_UNINITIALIZED_AUTOS = YES_AGGRESSIVE;
				GCC_WARN_UNUSED_FUNCTION = YES;
				GCC_WARN_UNUSED_VARIABLE = YES;
				IPHONEOS_DEPLOYMENT_TARGET = 17.0;
				LOCALIZATION_PREFERS_STRING_CATALOGS = YES;
				MTL_ENABLE_DEBUG_INFO = INCLUDE_SOURCE;
				MTL_FAST_MATH = YES;
				ONLY_ACTIVE_ARCH = YES;
				SDKROOT = iphoneos;
				SWIFT_ACTIVE_COMPILATION_CONDITIONS = "DEBUG $(inherited)";
				SWIFT_OPTIMIZATION_LEVEL = "-Onone";
			};
			name = Debug;
		};
		B4C898DF2AFF122B0044EF7A /* Release */ = {
			isa = XCBuildConfiguration;
			buildSettings = {
				ALWAYS_SEARCH_USER_PATHS = NO;
				ASSETCATALOG_COMPILER_GENERATE_SWIFT_ASSET_SYMBOL_EXTENSIONS = YES;
				CLANG_ANALYZER_NONNULL = YES;
				CLANG_ANALYZER_NUMBER_OBJECT_CONVERSION = YES_AGGRESSIVE;
				CLANG_CXX_LANGUAGE_STANDARD = "gnu++20";
				CLANG_ENABLE_MODULES = YES;
				CLANG_ENABLE_OBJC_ARC = YES;
				CLANG_ENABLE_OBJC_WEAK = YES;
				CLANG_WARN_BLOCK_CAPTURE_AUTORELEASING = YES;
				CLANG_WARN_BOOL_CONVERSION = YES;
				CLANG_WARN_COMMA = YES;
				CLANG_WARN_CONSTANT_CONVERSION = YES;
				CLANG_WARN_DEPRECATED_OBJC_IMPLEMENTATIONS = YES;
				CLANG_WARN_DIRECT_OBJC_ISA_USAGE = YES_ERROR;
				CLANG_WARN_DOCUMENTATION_COMMENTS = YES;
				CLANG_WARN_EMPTY_BODY = YES;
				CLANG_WARN_ENUM_CONVERSION = YES;
				CLANG_WARN_INFINITE_RECURSION = YES;
				CLANG_WARN_INT_CONVERSION = YES;
				CLANG_WARN_NON_LITERAL_NULL_CONVERSION = YES;
				CLANG_WARN_OBJC_IMPLICIT_RETAIN_SELF = YES;
				CLANG_WARN_OBJC_LITERAL_CONVERSION = YES;
				CLANG_WARN_OBJC_ROOT_CLASS = YES_ERROR;
				CLANG_WARN_QUOTED_INCLUDE_IN_FRAMEWORK_HEADER = YES;
				CLANG_WARN_RANGE_LOOP_ANALYSIS = YES;
				CLANG_WARN_STRICT_PROTOTYPES = YES;
				CLANG_WARN_SUSPICIOUS_MOVE = YES;
				CLANG_WARN_UNGUARDED_AVAILABILITY = YES_AGGRESSIVE;
				CLANG_WARN_UNREACHABLE_CODE = YES;
				CLANG_WARN__DUPLICATE_METHOD_MATCH = YES;
				COPY_PHASE_STRIP = NO;
				DEBUG_INFORMATION_FORMAT = "dwarf-with-dsym";
				ENABLE_NS_ASSERTIONS = NO;
				ENABLE_STRICT_OBJC_MSGSEND = YES;
				ENABLE_USER_SCRIPT_SANDBOXING = YES;
				GCC_C_LANGUAGE_STANDARD = gnu17;
				GCC_NO_COMMON_BLOCKS = YES;
				GCC_WARN_64_TO_32_BIT_CONVERSION = YES;
				GCC_WARN_ABOUT_RETURN_TYPE = YES_ERROR;
				GCC_WARN_UNDECLARED_SELECTOR = YES;
				GCC_WARN_UNINITIALIZED_AUTOS = YES_AGGRESSIVE;
				GCC_WARN_UNUSED_FUNCTION = YES;
				GCC_WARN_UNUSED_VARIABLE = YES;
				IPHONEOS_DEPLOYMENT_TARGET = 17.0;
				LOCALIZATION_PREFERS_STRING_CATALOGS = YES;
				MTL_ENABLE_DEBUG_INFO = NO;
				MTL_FAST_MATH = YES;
				SDKROOT = iphoneos;
				SWIFT_COMPILATION_MODE = wholemodule;
				VALIDATE_PRODUCT = YES;
			};
			name = Release;
		};
		B4C898E12AFF122B0044EF7A /* Debug */ = {
			isa = XCBuildConfiguration;
			buildSettings = {
				ASSETCATALOG_COMPILER_APPICON_NAME = AppIcon;
				ASSETCATALOG_COMPILER_GLOBAL_ACCENT_COLOR_NAME = AccentColor;
				CODE_SIGN_STYLE = Automatic;
				CURRENT_PROJECT_VERSION = 1;
				DEVELOPMENT_TEAM = ZCR4QT36HT;
				GENERATE_INFOPLIST_FILE = YES;
				INFOPLIST_FILE = "MVVM-Sample/Info.plist";
				INFOPLIST_KEY_UIApplicationSupportsIndirectInputEvents = YES;
				INFOPLIST_KEY_UILaunchStoryboardName = LaunchScreen;
				INFOPLIST_KEY_UIMainStoryboardFile = Main;
				INFOPLIST_KEY_UISupportedInterfaceOrientations_iPad = "UIInterfaceOrientationPortrait UIInterfaceOrientationPortraitUpsideDown UIInterfaceOrientationLandscapeLeft UIInterfaceOrientationLandscapeRight";
				INFOPLIST_KEY_UISupportedInterfaceOrientations_iPhone = "UIInterfaceOrientationPortrait UIInterfaceOrientationLandscapeLeft UIInterfaceOrientationLandscapeRight";
				LD_RUNPATH_SEARCH_PATHS = (
					"$(inherited)",
					"@executable_path/Frameworks",
				);
				MARKETING_VERSION = 1.0;
				PRODUCT_BUNDLE_IDENTIFIER = "com.kk.MVVM-Sample";
				PRODUCT_NAME = "$(TARGET_NAME)";
				SWIFT_EMIT_LOC_STRINGS = YES;
				SWIFT_VERSION = 5.0;
				TARGETED_DEVICE_FAMILY = "1,2";
			};
			name = Debug;
		};
		B4C898E22AFF122B0044EF7A /* Release */ = {
			isa = XCBuildConfiguration;
			buildSettings = {
				ASSETCATALOG_COMPILER_APPICON_NAME = AppIcon;
				ASSETCATALOG_COMPILER_GLOBAL_ACCENT_COLOR_NAME = AccentColor;
				CODE_SIGN_STYLE = Automatic;
				CURRENT_PROJECT_VERSION = 1;
				DEVELOPMENT_TEAM = ZCR4QT36HT;
				GENERATE_INFOPLIST_FILE = YES;
				INFOPLIST_FILE = "MVVM-Sample/Info.plist";
				INFOPLIST_KEY_UIApplicationSupportsIndirectInputEvents = YES;
				INFOPLIST_KEY_UILaunchStoryboardName = LaunchScreen;
				INFOPLIST_KEY_UIMainStoryboardFile = Main;
				INFOPLIST_KEY_UISupportedInterfaceOrientations_iPad = "UIInterfaceOrientationPortrait UIInterfaceOrientationPortraitUpsideDown UIInterfaceOrientationLandscapeLeft UIInterfaceOrientationLandscapeRight";
				INFOPLIST_KEY_UISupportedInterfaceOrientations_iPhone = "UIInterfaceOrientationPortrait UIInterfaceOrientationLandscapeLeft UIInterfaceOrientationLandscapeRight";
				LD_RUNPATH_SEARCH_PATHS = (
					"$(inherited)",
					"@executable_path/Frameworks",
				);
				MARKETING_VERSION = 1.0;
				PRODUCT_BUNDLE_IDENTIFIER = "com.kk.MVVM-Sample";
				PRODUCT_NAME = "$(TARGET_NAME)";
				SWIFT_EMIT_LOC_STRINGS = YES;
				SWIFT_VERSION = 5.0;
				TARGETED_DEVICE_FAMILY = "1,2";
			};
			name = Release;
		};
/* End XCBuildConfiguration section */

/* Begin XCConfigurationList section */
		B4C898C72AFF122A0044EF7A /* Build configuration list for PBXProject "MVVM-Sample" */ = {
			isa = XCConfigurationList;
			buildConfigurations = (
				B4C898DE2AFF122B0044EF7A /* Debug */,
				B4C898DF2AFF122B0044EF7A /* Release */,
			);
			defaultConfigurationIsVisible = 0;
			defaultConfigurationName = Release;
		};
		B4C898E02AFF122B0044EF7A /* Build configuration list for PBXNativeTarget "MVVM-Sample" */ = {
			isa = XCConfigurationList;
			buildConfigurations = (
				B4C898E12AFF122B0044EF7A /* Debug */,
				B4C898E22AFF122B0044EF7A /* Release */,
			);
			defaultConfigurationIsVisible = 0;
			defaultConfigurationName = Release;
		};
/* End XCConfigurationList section */

/* Begin XCRemoteSwiftPackageReference section */
		B4C898E32AFF123B0044EF7A /* XCRemoteSwiftPackageReference "CombineCocoa" */ = {
			isa = XCRemoteSwiftPackageReference;
			repositoryURL = "https://github.com/CombineCommunity/CombineCocoa";
			requirement = {
				kind = upToNextMajorVersion;
				minimumVersion = 0.4.1;
			};
		};
		B4C898FD2AFF19470044EF7A /* XCRemoteSwiftPackageReference "RxSwift" */ = {
			isa = XCRemoteSwiftPackageReference;
			repositoryURL = "https://github.com/ReactiveX/RxSwift";
			requirement = {
				kind = upToNextMajorVersion;
				minimumVersion = 6.6.0;
			};
		};
/* End XCRemoteSwiftPackageReference section */

/* Begin XCSwiftPackageProductDependency section */
		B4C898E42AFF123B0044EF7A /* CombineCocoa */ = {
			isa = XCSwiftPackageProductDependency;
			package = B4C898E32AFF123B0044EF7A /* XCRemoteSwiftPackageReference "CombineCocoa" */;
			productName = CombineCocoa;
		};
		B4C898FE2AFF19470044EF7A /* RxCocoa */ = {
			isa = XCSwiftPackageProductDependency;
			package = B4C898FD2AFF19470044EF7A /* XCRemoteSwiftPackageReference "RxSwift" */;
			productName = RxCocoa;
		};
		B4C899002AFF19470044EF7A /* RxCocoa-Dynamic */ = {
			isa = XCSwiftPackageProductDependency;
			package = B4C898FD2AFF19470044EF7A /* XCRemoteSwiftPackageReference "RxSwift" */;
			productName = "RxCocoa-Dynamic";
		};
		B4C899022AFF19470044EF7A /* RxRelay */ = {
			isa = XCSwiftPackageProductDependency;
			package = B4C898FD2AFF19470044EF7A /* XCRemoteSwiftPackageReference "RxSwift" */;
			productName = RxRelay;
		};
		B4C899042AFF19470044EF7A /* RxRelay-Dynamic */ = {
			isa = XCSwiftPackageProductDependency;
			package = B4C898FD2AFF19470044EF7A /* XCRemoteSwiftPackageReference "RxSwift" */;
			productName = "RxRelay-Dynamic";
		};
		B4C899062AFF19470044EF7A /* RxSwift */ = {
			isa = XCSwiftPackageProductDependency;
			package = B4C898FD2AFF19470044EF7A /* XCRemoteSwiftPackageReference "RxSwift" */;
			productName = RxSwift;
		};
		B4C899082AFF19470044EF7A /* RxSwift-Dynamic */ = {
			isa = XCSwiftPackageProductDependency;
			package = B4C898FD2AFF19470044EF7A /* XCRemoteSwiftPackageReference "RxSwift" */;
			productName = "RxSwift-Dynamic";
		};
/* End XCSwiftPackageProductDependency section */
	};
	rootObject = B4C898C42AFF122A0044EF7A /* Project object */;
}
